
Microsoft Visual Studio Solution File, Format Version 12.00
# Visual Studio Version 17
VisualStudioVersion = 17.7.34003.232
MinimumVisualStudioVersion = 10.0.40219.1
Project("{FAE04EC0-301F-11D3-BF4B-00C04F79EFBC}") = "SistemaDeVendas", "SistemaDeVendas\SistemaDeVendas.csproj", "{42A9E877-6559-46BB-A55F-3D40FE94163D}"
EndProject
Global
	GlobalSection(SolutionConfigurationPlatforms) = preSolution
		Debug|Any CPU = Debug|Any CPU
		Release|Any CPU = Release|Any CPU
	EndGlobalSection
	GlobalSection(ProjectConfigurationPlatforms) = postSolution
		{42A9E877-6559-46BB-A55F-3D40FE94163D}.Debug|Any CPU.ActiveCfg = Debug|Any CPU
		{42A9E877-6559-46BB-A55F-3D40FE94163D}.Debug|Any CPU.Build.0 = Debug|Any CPU
		{42A9E877-6559-46BB-A55F-3D40FE94163D}.Release|Any CPU.ActiveCfg = Release|Any CPU
		{42A9E877-6559-46BB-A55F-3D40FE94163D}.Release|Any CPU.Build.0 = Release|Any CPU
	EndGlobalSection
	GlobalSection(SolutionProperties) = preSolution
		HideSolutionNode = FALSE
	EndGlobalSection
	GlobalSection(ExtensibilityGlobals) = postSolution
		SolutionGuid = {3AF8A438-8754-44E8-AAA9-2884E3873F4B}
	EndGlobalSection
EndGlobal
